// !$*UTF8*$!
{
	archiveVersion = 1;
	classes = {
	};
	objectVersion = 46;
	objects = {

/* Begin PBXBuildFile section */
		9E16F61821BB5B9D004D2F4F /* AppDelegate.swift in Sources */ = {isa = PBXBuildFile; fileRef = 9E16F61721BB5B9D004D2F4F /* AppDelegate.swift */; };
		9E16F61A21BB5B9D004D2F4F /* ViewController.swift in Sources */ = {isa = PBXBuildFile; fileRef = 9E16F61921BB5B9D004D2F4F /* ViewController.swift */; };
		9E16F61D21BB5B9D004D2F4F /* Main.storyboard in Resources */ = {isa = PBXBuildFile; fileRef = 9E16F61B21BB5B9D004D2F4F /* Main.storyboard */; };
		9E16F61F21BB5B9D004D2F4F /* Assets.xcassets in Resources */ = {isa = PBXBuildFile; fileRef = 9E16F61E21BB5B9D004D2F4F /* Assets.xcassets */; };
		9E16F62221BB5B9D004D2F4F /* LaunchScreen.storyboard in Resources */ = {isa = PBXBuildFile; fileRef = 9E16F62021BB5B9D004D2F4F /* LaunchScreen.storyboard */; };
		9E16F62A21BB5BEA004D2F4F /* WeatherController.swift in Sources */ = {isa = PBXBuildFile; fileRef = 9E16F62921BB5BEA004D2F4F /* WeatherController.swift */; };
		9E16F62C21BB6F46004D2F4F /* Weather.swift in Sources */ = {isa = PBXBuildFile; fileRef = 9E16F62B21BB6F46004D2F4F /* Weather.swift */; };
		FA42B11621BEA4A70040BFEB /* icon_no_image.png in Resources */ = {isa = PBXBuildFile; fileRef = FA42B11521BEA4A70040BFEB /* icon_no_image.png */; };
/* End PBXBuildFile section */

/* Begin PBXFileReference section */
		9E16F61421BB5B9D004D2F4F /* PruebaAstroPay.app */ = {isa = PBXFileReference; explicitFileType = wrapper.application; includeInIndex = 0; path = PruebaAstroPay.app; sourceTree = BUILT_PRODUCTS_DIR; };
		9E16F61721BB5B9D004D2F4F /* AppDelegate.swift */ = {isa = PBXFileReference; lastKnownFileType = sourcecode.swift; path = AppDelegate.swift; sourceTree = "<group>"; };
		9E16F61921BB5B9D004D2F4F /* ViewController.swift */ = {isa = PBXFileReference; lastKnownFileType = sourcecode.swift; path = ViewController.swift; sourceTree = "<group>"; };
		9E16F61C21BB5B9D004D2F4F /* Base */ = {isa = PBXFileReference; lastKnownFileType = file.storyboard; name = Base; path = Base.lproj/Main.storyboard; sourceTree = "<group>"; };
		9E16F61E21BB5B9D004D2F4F /* Assets.xcassets */ = {isa = PBXFileReference; lastKnownFileType = folder.assetcatalog; path = Assets.xcassets; sourceTree = "<group>"; };
		9E16F62121BB5B9D004D2F4F /* Base */ = {isa = PBXFileReference; lastKnownFileType = file.storyboard; name = Base; path = Base.lproj/LaunchScreen.storyboard; sourceTree = "<group>"; };
		9E16F62321BB5B9D004D2F4F /* Info.plist */ = {isa = PBXFileReference; lastKnownFileType = text.plist.xml; path = Info.plist; sourceTree = "<group>"; };
		9E16F62921BB5BEA004D2F4F /* WeatherController.swift */ = {isa = PBXFileReference; fileEncoding = 4; lastKnownFileType = sourcecode.swift; path = WeatherController.swift; sourceTree = "<group>"; };
		9E16F62B21BB6F46004D2F4F /* Weather.swift */ = {isa = PBXFileReference; fileEncoding = 4; lastKnownFileType = sourcecode.swift; path = Weather.swift; sourceTree = "<group>"; };
		FA42B11521BEA4A70040BFEB /* icon_no_image.png */ = {isa = PBXFileReference; lastKnownFileType = image.png; path = icon_no_image.png; sourceTree = "<group>"; };
/* End PBXFileReference section */

/* Begin PBXFrameworksBuildPhase section */
		9E16F61121BB5B9D004D2F4F /* Frameworks */ = {
			isa = PBXFrameworksBuildPhase;
			buildActionMask = 2147483647;
			files = (
			);
			runOnlyForDeploymentPostprocessing = 0;
		};
/* End PBXFrameworksBuildPhase section */

/* Begin PBXGroup section */
		9E16F60B21BB5B9D004D2F4F = {
			isa = PBXGroup;
			children = (
				9E16F61621BB5B9D004D2F4F /* PruebaAstroPay */,
				9E16F61521BB5B9D004D2F4F /* Products */,
			);
			sourceTree = "<group>";
		};
		9E16F61521BB5B9D004D2F4F /* Products */ = {
			isa = PBXGroup;
			children = (
				9E16F61421BB5B9D004D2F4F /* PruebaAstroPay.app */,
			);
			name = Products;
			sourceTree = "<group>";
		};
		9E16F61621BB5B9D004D2F4F /* PruebaAstroPay */ = {
			isa = PBXGroup;
			children = (
				FA42B11421BEA48A0040BFEB /* Images */,
				9E16F61721BB5B9D004D2F4F /* AppDelegate.swift */,
				9E16F61921BB5B9D004D2F4F /* ViewController.swift */,
				9E16F62921BB5BEA004D2F4F /* WeatherController.swift */,
				9E16F62B21BB6F46004D2F4F /* Weather.swift */,
				9E16F61E21BB5B9D004D2F4F /* Assets.xcassets */,
				9E16F61B21BB5B9D004D2F4F /* Main.storyboard */,
				9E16F62021BB5B9D004D2F4F /* LaunchScreen.storyboard */,
				9E16F62321BB5B9D004D2F4F /* Info.plist */,
			);
			path = PruebaAstroPay;
			sourceTree = "<group>";
		};
		FA42B11421BEA48A0040BFEB /* Images */ = {
			isa = PBXGroup;
			children = (
				FA42B11521BEA4A70040BFEB /* icon_no_image.png */,
			);
			path = Images;
			sourceTree = "<group>";
		};
/* End PBXGroup section */

/* Begin PBXNativeTarget section */
		9E16F61321BB5B9D004D2F4F /* PruebaAstroPay */ = {
			isa = PBXNativeTarget;
			buildConfigurationList = 9E16F62621BB5B9D004D2F4F /* Build configuration list for PBXNativeTarget "PruebaAstroPay" */;
			buildPhases = (
				9E16F61021BB5B9D004D2F4F /* Sources */,
				9E16F61121BB5B9D004D2F4F /* Frameworks */,
				9E16F61221BB5B9D004D2F4F /* Resources */,
			);
			buildRules = (
			);
			dependencies = (
			);
			name = PruebaAstroPay;
			productName = PruebaAstroPay;
			productReference = 9E16F61421BB5B9D004D2F4F /* PruebaAstroPay.app */;
			productType = "com.apple.product-type.application";
		};
/* End PBXNativeTarget section */

/* Begin PBXProject section */
		9E16F60C21BB5B9D004D2F4F /* Project object */ = {
			isa = PBXProject;
			attributes = {
				LastSwiftUpdateCheck = 0830;
				LastUpgradeCheck = 0830;
				ORGANIZATIONNAME = "Sebastian Leonardi";
				TargetAttributes = {
					9E16F61321BB5B9D004D2F4F = {
						CreatedOnToolsVersion = 8.3.3;
						DevelopmentTeam = 69EV798DA9;
						ProvisioningStyle = Manual;
					};
				};
			};
			buildConfigurationList = 9E16F60F21BB5B9D004D2F4F /* Build configuration list for PBXProject "PruebaAstroPay" */;
			compatibilityVersion = "Xcode 3.2";
			developmentRegion = English;
			hasScannedForEncodings = 0;
			knownRegions = (
				en,
				Base,
			);
			mainGroup = 9E16F60B21BB5B9D004D2F4F;
			productRefGroup = 9E16F61521BB5B9D004D2F4F /* Products */;
			projectDirPath = "";
			projectRoot = "";
			targets = (
				9E16F61321BB5B9D004D2F4F /* PruebaAstroPay */,
			);
		};
/* End PBXProject section */

/* Begin PBXResourcesBuildPhase section */
		9E16F61221BB5B9D004D2F4F /* Resources */ = {
			isa = PBXResourcesBuildPhase;
			buildActionMask = 2147483647;
			files = (
				9E16F62221BB5B9D004D2F4F /* LaunchScreen.storyboard in Resources */,
				9E16F61F21BB5B9D004D2F4F /* Assets.xcassets in Resources */,
				9E16F61D21BB5B9D004D2F4F /* Main.storyboard in Resources */,
				FA42B11621BEA4A70040BFEB /* icon_no_image.png in Resources */,
			);
			runOnlyForDeploymentPostprocessing = 0;
		};
/* End PBXResourcesBuildPhase section */

/* Begin PBXSourcesBuildPhase section */
		9E16F61021BB5B9D004D2F4F /* Sources */ = {
			isa = PBXSourcesBuildPhase;
			buildActionMask = 2147483647;
			files = (
				9E16F62C21BB6F46004D2F4F /* Weather.swift in Sources */,
				9E16F61A21BB5B9D004D2F4F /* ViewController.swift in Sources */,
				9E16F61821BB5B9D004D2F4F /* AppDelegate.swift in Sources */,
				9E16F62A21BB5BEA004D2F4F /* WeatherController.swift in Sources */,
			);
			runOnlyForDeploymentPostprocessing = 0;
		};
/* End PBXSourcesBuildPhase section */

/* Begin PBXVariantGroup section */
		9E16F61B21BB5B9D004D2F4F /* Main.storyboard */ = {
			isa = PBXVariantGroup;
			children = (
				9E16F61C21BB5B9D004D2F4F /* Base */,
			);
			name = Main.storyboard;
			sourceTree = "<group>";
		};
		9E16F62021BB5B9D004D2F4F /* LaunchScreen.storyboard */ = {
			isa = PBXVariantGroup;
			children = (
				9E16F62121BB5B9D004D2F4F /* Base */,
			);
			name = LaunchScreen.storyboard;
			sourceTree = "<group>";
		};
/* End PBXVariantGroup section */

/* Begin XCBuildConfiguration section */
		9E16F62421BB5B9D004D2F4F /* Debug */ = {
			isa = XCBuildConfiguration;
			buildSettings = {
				ALWAYS_SEARCH_USER_PATHS = NO;
				CLANG_ANALYZER_NONNULL = YES;
				CLANG_ANALYZER_NUMBER_OBJECT_CONVERSION = YES_AGGRESSIVE;
				CLANG_CXX_LANGUAGE_STANDARD = "gnu++0x";
				CLANG_CXX_LIBRARY = "libc++";
				CLANG_ENABLE_MODULES = YES;
				CLANG_ENABLE_OBJC_ARC = YES;
				CLANG_WARN_BOOL_CONVERSION = YES;
				CLANG_WARN_CONSTANT_CONVERSION = YES;
				CLANG_WARN_DIRECT_OBJC_ISA_USAGE = YES_ERROR;
				CLANG_WARN_DOCUMENTATION_COMMENTS = YES;
				CLANG_WARN_EMPTY_BODY = YES;
				CLANG_WARN_ENUM_CONVERSION = YES;
				CLANG_WARN_INFINITE_RECURSION = YES;
				CLANG_WARN_INT_CONVERSION = YES;
				CLANG_WARN_OBJC_ROOT_CLASS = YES_ERROR;
				CLANG_WARN_SUSPICIOUS_MOVE = YES;
				CLANG_WARN_UNREACHABLE_CODE = YES;
				CLANG_WARN__DUPLICATE_METHOD_MATCH = YES;
				"CODE_SIGN_IDENTITY[sdk=iphoneos*]" = "iPhone Developer";
				COPY_PHASE_STRIP = NO;
				DEBUG_INFORMATION_FORMAT = dwarf;
				ENABLE_STRICT_OBJC_MSGSEND = YES;
				ENABLE_TESTABILITY = YES;
				GCC_C_LANGUAGE_STANDARD = gnu99;
				GCC_DYNAMIC_NO_PIC = NO;
				GCC_NO_COMMON_BLOCKS = YES;
				GCC_OPTIMIZATION_LEVEL = 0;
				GCC_PREPROCESSOR_DEFINITIONS = (
					"DEBUG=1",
					"$(inherited)",
				);
				GCC_WARN_64_TO_32_BIT_CONVERSION = YES;
				GCC_WARN_ABOUT_RETURN_TYPE = YES_ERROR;
				GCC_WARN_UNDECLARED_SELECTOR = YES;
				GCC_WARN_UNINITIALIZED_AUTOS = YES_AGGRESSIVE;
				GCC_WARN_UNUSED_FUNCTION = YES;
				GCC_WARN_UNUSED_VARIABLE = YES;
				IPHONEOS_DEPLOYMENT_TARGET = 10.3;
				MTL_ENABLE_DEBUG_INFO = YES;
				ONLY_ACTIVE_ARCH = YES;
				SDKROOT = iphoneos;
				SWIFT_ACTIVE_COMPILATION_CONDITIONS = DEBUG;
				SWIFT_OPTIMIZATION_LEVEL = "-Onone";
				TARGETED_DEVICE_FAMILY = "1,2";
			};
			name = Debug;
		};
		9E16F62521BB5B9D004D2F4F /* Release */ = {
			isa = XCBuildConfiguration;
			buildSettings = {
				ALWAYS_SEARCH_USER_PATHS = NO;
				CLANG_ANALYZER_NONNULL = YES;
				CLANG_ANALYZER_NUMBER_OBJECT_CONVERSION = YES_AGGRESSIVE;
				CLANG_CXX_LANGUAGE_STANDARD = "gnu++0x";
				CLANG_CXX_LIBRARY = "libc++";
				CLANG_ENABLE_MODULES = YES;
				CLANG_ENABLE_OBJC_ARC = YES;
				CLANG_WARN_BOOL_CONVERSION = YES;
				CLANG_WARN_CONSTANT_CONVERSION = YES;
				CLANG_WARN_DIRECT_OBJC_ISA_USAGE = YES_ERROR;
				CLANG_WARN_DOCUMENTATION_COMMENTS = YES;
				CLANG_WARN_EMPTY_BODY = YES;
				CLANG_WARN_ENUM_CONVERSION = YES;
				CLANG_WARN_INFINITE_RECURSION = YES;
				CLANG_WARN_INT_CONVERSION = YES;
				CLANG_WARN_OBJC_ROOT_CLASS = YES_ERROR;
				CLANG_WARN_SUSPICIOUS_MOVE = YES;
				CLANG_WARN_UNREACHABLE_CODE = YES;
				CLANG_WARN__DUPLICATE_METHOD_MATCH = YES;
				"CODE_SIGN_IDENTITY[sdk=iphoneos*]" = "iPhone Developer";
				COPY_PHASE_STRIP = NO;
				DEBUG_INFORMATION_FORMAT = "dwarf-with-dsym";
				ENABLE_NS_ASSERTIONS = NO;
				ENABLE_STRICT_OBJC_MSGSEND = YES;
				GCC_C_LANGUAGE_STANDARD = gnu99;
				GCC_NO_COMMON_BLOCKS = YES;
				GCC_WARN_64_TO_32_BIT_CONVERSION = YES;
				GCC_WARN_ABOUT_RETURN_TYPE = YES_ERROR;
				GCC_WARN_UNDECLARED_SELECTOR = YES;
				GCC_WARN_UNINITIALIZED_AUTOS = YES_AGGRESSIVE;
				GCC_WARN_UNUSED_FUNCTION = YES;
				GCC_WARN_UNUSED_VARIABLE = YES;
				IPHONEOS_DEPLOYMENT_TARGET = 10.3;
				MTL_ENABLE_DEBUG_INFO = NO;
				SDKROOT = iphoneos;
				SWIFT_OPTIMIZATION_LEVEL = "-Owholemodule";
				TARGETED_DEVICE_FAMILY = "1,2";
				VALIDATE_PRODUCT = YES;
			};
			name = Release;
		};
		9E16F62721BB5B9D004D2F4F /* Debug */ = {
			isa = XCBuildConfiguration;
			buildSettings = {
				ASSETCATALOG_COMPILER_APPICON_NAME = AppIcon;
				CODE_SIGN_STYLE = Manual;
				DEVELOPMENT_TEAM = 69EV798DA9;
				INFOPLIST_FILE = PruebaAstroPay/Info.plist;
				LD_RUNPATH_SEARCH_PATHS = "$(inherited) @executable_path/Frameworks";
				PRODUCT_BUNDLE_IDENTIFIER = com.pruebas.sebastian.PruebaAstroPay;
				PRODUCT_NAME = "$(TARGET_NAME)";
				PROVISIONING_PROFILE_SPECIFIER = "";
				SWIFT_VERSION = 3.0;
			};
			name = Debug;
		};
		9E16F62821BB5B9D004D2F4F /* Release */ = {
			isa = XCBuildConfiguration;
			buildSettings = {
				ASSETCATALOG_COMPILER_APPICON_NAME = AppIcon;
				CODE_SIGN_STYLE = Manual;
				DEVELOPMENT_TEAM = "";
				INFOPLIST_FILE = PruebaAstroPay/Info.plist;
				LD_RUNPATH_SEARCH_PATHS = "$(inherited) @executable_path/Frameworks";
				PRODUCT_BUNDLE_IDENTIFIER = com.pruebas.sebastian.PruebaAstroPay;
				PRODUCT_NAME = "$(TARGET_NAME)";
				PROVISIONING_PROFILE_SPECIFIER = "";
				SWIFT_VERSION = 3.0;
			};
			name = Release;
		};
/* End XCBuildConfiguration section */

/* Begin XCConfigurationList section */
		9E16F60F21BB5B9D004D2F4F /* Build configuration list for PBXProject "PruebaAstroPay" */ = {
			isa = XCConfigurationList;
			buildConfigurations = (
				9E16F62421BB5B9D004D2F4F /* Debug */,
				9E16F62521BB5B9D004D2F4F /* Release */,
			);
			defaultConfigurationIsVisible = 0;
			defaultConfigurationName = Release;
		};
		9E16F62621BB5B9D004D2F4F /* Build configuration list for PBXNativeTarget "PruebaAstroPay" */ = {
			isa = XCConfigurationList;
			buildConfigurations = (
				9E16F62721BB5B9D004D2F4F /* Debug */,
				9E16F62821BB5B9D004D2F4F /* Release */,
			);
			defaultConfigurationIsVisible = 0;
			defaultConfigurationName = Release;
		};
/* End XCConfigurationList section */
	};
	rootObject = 9E16F60C21BB5B9D004D2F4F /* Project object */;
}
